{
  "requires": true,
  "lockfileVersion": 1,
  "dependencies": {
    "@altv/native-types": {
      "version": "1.0.3",
      "resolved": "https://registry.npmjs.org/@altv/native-types/-/native-types-1.0.3.tgz",
      "integrity": "sha512-ndOfwcqnVgmCf1wDZIbQp+vobPX7lpL7NTvjoJAD7f+2z52LbSOjDfyHjkzo8iDyWaK0rKXeroyJcvLGOnG2nA=="
    },
    "@altv/types": {
      "version": "1.0.22",
      "resolved": "https://registry.npmjs.org/@altv/types/-/types-1.0.22.tgz",
      "integrity": "sha512-ZRnJjBf8wMZZMSF5Cih4VBlAYkuQLX5PZsDQuXxvf2Sgd0jhwjffNQHIuiKBeZBhDHD8iXN8BIEvGpqqf3QACA=="
    }
  }
}
